# THIS IS AN AUTOGENERATED FILE. DO NOT EDIT THIS FILE DIRECTLY.
# yarn lockfile v1


husky@8.0.0:
  version "8.0.0"
  resolved "https://registry.yarnpkg.com/husky/-/husky-8.0.0.tgz#65b2d94765199d651615716a42ea52f3c2d997a0"
  integrity sha512-4qbE/5dzNDNxFEkX9MNRPKl5+omTXQzdILCUWiqG/lWIAioiM5vln265/l6I2Zx8gpW8l1ukZwGQeCFbBZ6+6w==

prettier@2.6.2:
  version "2.6.2"
  resolved "https://registry.yarnpkg.com/prettier/-/prettier-2.6.2.tgz#e26d71a18a74c3d0f0597f55f01fb6c06c206032"
  integrity sha512-PkUpF+qoXTqhOeWL9fu7As8LXsIUZ1WYaJiY/a7McAQzxjk82OF0tibkFXVCDImZtWxbvojFjerkiLb0/q8mew==
